
Microsoft Visual Studio Solution File, Format Version 12.00
# Visual Studio Version 17
VisualStudioVersion = 17.0.31903.59
MinimumVisualStudioVersion = 10.0.40219.1
Project("{2150E333-8FDC-42A3-9474-1A3956D46DE8}") = "Solution Items", "Solution Items", "{3B846F0F-D9AB-40EB-947B-7613A3D77568}"
	ProjectSection(SolutionItems) = preProject
		.gitignore = .gitignore
		LICENSE = LICENSE
		README.md = README.md
	EndProjectSection
EndProject
Project("{2150E333-8FDC-42A3-9474-1A3956D46DE8}") = "documentation", "documentation", "{FB7A1124-95F3-4CC5-924F-A29401D36AB4}"
EndProject
Project("{2150E333-8FDC-42A3-9474-1A3956D46DE8}") = "images", "images", "{0484EC89-080D-4292-823C-8A1FBC71A069}"
EndProject
Project("{2150E333-8FDC-42A3-9474-1A3956D46DE8}") = "src", "src", "{893D6FCF-F16F-47C0-9F7E-BD4D5073B043}"
EndProject
Project("{9A19103F-16F7-4668-BE54-9A1E7A4F7556}") = "Catalog.API", "src\Catalog.API\Catalog.API.csproj", "{F7582C6C-0DE7-413F-A965-0515352D8945}"
EndProject
Project("{FAE04EC0-301F-11D3-BF4B-00C04F79EFBC}") = "Catalog.Data", "src\Catalog.Data\Catalog.Data.csproj", "{5F186D2F-6C51-4680-A3C5-7EB2082ECA88}"
EndProject
Global
	GlobalSection(SolutionConfigurationPlatforms) = preSolution
		Debug|Any CPU = Debug|Any CPU
		Release|Any CPU = Release|Any CPU
	EndGlobalSection
	GlobalSection(ProjectConfigurationPlatforms) = postSolution
		{F7582C6C-0DE7-413F-A965-0515352D8945}.Debug|Any CPU.ActiveCfg = Debug|Any CPU
		{F7582C6C-0DE7-413F-A965-0515352D8945}.Debug|Any CPU.Build.0 = Debug|Any CPU
		{F7582C6C-0DE7-413F-A965-0515352D8945}.Release|Any CPU.ActiveCfg = Release|Any CPU
		{F7582C6C-0DE7-413F-A965-0515352D8945}.Release|Any CPU.Build.0 = Release|Any CPU
		{5F186D2F-6C51-4680-A3C5-7EB2082ECA88}.Debug|Any CPU.ActiveCfg = Debug|Any CPU
		{5F186D2F-6C51-4680-A3C5-7EB2082ECA88}.Debug|Any CPU.Build.0 = Debug|Any CPU
		{5F186D2F-6C51-4680-A3C5-7EB2082ECA88}.Release|Any CPU.ActiveCfg = Release|Any CPU
		{5F186D2F-6C51-4680-A3C5-7EB2082ECA88}.Release|Any CPU.Build.0 = Release|Any CPU
	EndGlobalSection
	GlobalSection(SolutionProperties) = preSolution
		HideSolutionNode = FALSE
	EndGlobalSection
	GlobalSection(NestedProjects) = preSolution
		{0484EC89-080D-4292-823C-8A1FBC71A069} = {FB7A1124-95F3-4CC5-924F-A29401D36AB4}
		{F7582C6C-0DE7-413F-A965-0515352D8945} = {893D6FCF-F16F-47C0-9F7E-BD4D5073B043}
		{5F186D2F-6C51-4680-A3C5-7EB2082ECA88} = {893D6FCF-F16F-47C0-9F7E-BD4D5073B043}
	EndGlobalSection
	GlobalSection(ExtensibilityGlobals) = postSolution
		SolutionGuid = {F95ECE77-9ADE-4A17-A72E-DF8F93D20F62}
	EndGlobalSection
EndGlobal
